
Microsoft Visual Studio Solution File, Format Version 12.00
# Visual Studio Version 17
VisualStudioVersion = 17.6.33723.286
MinimumVisualStudioVersion = 10.0.40219.1
Project("{FAE04EC0-301F-11D3-BF4B-00C04F79EFBC}") = "Unificador", "Unificador.csproj", "{FF39FC77-F539-4124-86AD-E56B94D0CF0C}"
EndProject
Global
	GlobalSection(SolutionConfigurationPlatforms) = preSolution
		Debug|Any CPU = Debug|Any CPU
		Release|Any CPU = Release|Any CPU
	EndGlobalSection
	GlobalSection(ProjectConfigurationPlatforms) = postSolution
		{FF39FC77-F539-4124-86AD-E56B94D0CF0C}.Debug|Any CPU.ActiveCfg = Debug|Any CPU
		{FF39FC77-F539-4124-86AD-E56B94D0CF0C}.Debug|Any CPU.Build.0 = Debug|Any CPU
		{FF39FC77-F539-4124-86AD-E56B94D0CF0C}.Release|Any CPU.ActiveCfg = Release|Any CPU
		{FF39FC77-F539-4124-86AD-E56B94D0CF0C}.Release|Any CPU.Build.0 = Release|Any CPU
	EndGlobalSection
	GlobalSection(SolutionProperties) = preSolution
		HideSolutionNode = FALSE
	EndGlobalSection
	GlobalSection(ExtensibilityGlobals) = postSolution
		SolutionGuid = {D1B3460A-BBEB-46DC-9CC1-0E62BAFA239D}
	EndGlobalSection
EndGlobal
